
Microsoft Visual Studio Solution File, Format Version 12.00
# Visual Studio Version 17
VisualStudioVersion = 17.10.34916.146
MinimumVisualStudioVersion = 10.0.40219.1
Project("{FAE04EC0-301F-11D3-BF4B-00C04F79EFBC}") = "QComp", "QComp\QComp.csproj", "{6B1224F9-D2BD-4AAA-A783-E0B1D13BCC48}"
EndProject
Project("{2150E333-8FDC-42A3-9474-1A3956D46DE8}") = "Solution Items", "Solution Items", "{4FE03B5F-E7F2-4541-8A94-82601FD5DAF2}"
	ProjectSection(SolutionItems) = preProject
		.gitignore = .gitignore
		LICENSE.txt = LICENSE.txt
		README.md = README.md
	EndProjectSection
EndProject
Global
	GlobalSection(SolutionConfigurationPlatforms) = preSolution
		Debug|Any CPU = Debug|Any CPU
		Debug|arm64 = Debug|arm64
		Debug|x86 = Debug|x86
		Release|Any CPU = Release|Any CPU
		Release|arm64 = Release|arm64
		Release|x86 = Release|x86
	EndGlobalSection
	GlobalSection(ProjectConfigurationPlatforms) = postSolution
		{6B1224F9-D2BD-4AAA-A783-E0B1D13BCC48}.Debug|Any CPU.ActiveCfg = Debug|Any CPU
		{6B1224F9-D2BD-4AAA-A783-E0B1D13BCC48}.Debug|Any CPU.Build.0 = Debug|Any CPU
		{6B1224F9-D2BD-4AAA-A783-E0B1D13BCC48}.Debug|arm64.ActiveCfg = Debug|arm64
		{6B1224F9-D2BD-4AAA-A783-E0B1D13BCC48}.Debug|arm64.Build.0 = Debug|arm64
		{6B1224F9-D2BD-4AAA-A783-E0B1D13BCC48}.Debug|x86.ActiveCfg = Debug|x86
		{6B1224F9-D2BD-4AAA-A783-E0B1D13BCC48}.Debug|x86.Build.0 = Debug|x86
		{6B1224F9-D2BD-4AAA-A783-E0B1D13BCC48}.Release|Any CPU.ActiveCfg = Release|Any CPU
		{6B1224F9-D2BD-4AAA-A783-E0B1D13BCC48}.Release|Any CPU.Build.0 = Release|Any CPU
		{6B1224F9-D2BD-4AAA-A783-E0B1D13BCC48}.Release|arm64.ActiveCfg = Release|arm64
		{6B1224F9-D2BD-4AAA-A783-E0B1D13BCC48}.Release|arm64.Build.0 = Release|arm64
		{6B1224F9-D2BD-4AAA-A783-E0B1D13BCC48}.Release|x86.ActiveCfg = Release|x86
		{6B1224F9-D2BD-4AAA-A783-E0B1D13BCC48}.Release|x86.Build.0 = Release|x86
	EndGlobalSection
	GlobalSection(SolutionProperties) = preSolution
		HideSolutionNode = FALSE
	EndGlobalSection
	GlobalSection(ExtensibilityGlobals) = postSolution
		SolutionGuid = {A6F69029-4A28-434C-A5D6-437343634369}
	EndGlobalSection
EndGlobal
